
Microsoft Visual Studio Solution File, Format Version 12.00
# Visual Studio 2013
VisualStudioVersion = 12.0.21005.1
MinimumVisualStudioVersion = 10.0.40219.1
Project("{FAE04EC0-301F-11D3-BF4B-00C04F79EFBC}") = "MJpegStreamer", "MJpegStreamer\MJpegStreamer.csproj", "{C63BC89D-9A92-4D13-93A9-E168220B1FB6}"
EndProject
Project("{FAE04EC0-301F-11D3-BF4B-00C04F79EFBC}") = "Capture", "..\Direct3DHook\Capture\Capture.csproj", "{23178A3D-2AC0-419A-B1B6-59CA45191270}"
EndProject
Global
	GlobalSection(SolutionConfigurationPlatforms) = preSolution
		Debug|Any CPU = Debug|Any CPU
		Release|Any CPU = Release|Any CPU
	EndGlobalSection
	GlobalSection(ProjectConfigurationPlatforms) = postSolution
		{C63BC89D-9A92-4D13-93A9-E168220B1FB6}.Debug|Any CPU.ActiveCfg = Debug|Any CPU
		{C63BC89D-9A92-4D13-93A9-E168220B1FB6}.Debug|Any CPU.Build.0 = Debug|Any CPU
		{C63BC89D-9A92-4D13-93A9-E168220B1FB6}.Release|Any CPU.ActiveCfg = Release|Any CPU
		{C63BC89D-9A92-4D13-93A9-E168220B1FB6}.Release|Any CPU.Build.0 = Release|Any CPU
		{23178A3D-2AC0-419A-B1B6-59CA45191270}.Debug|Any CPU.ActiveCfg = Debug|Any CPU
		{23178A3D-2AC0-419A-B1B6-59CA45191270}.Debug|Any CPU.Build.0 = Debug|Any CPU
		{23178A3D-2AC0-419A-B1B6-59CA45191270}.Release|Any CPU.ActiveCfg = Release|Any CPU
		{23178A3D-2AC0-419A-B1B6-59CA45191270}.Release|Any CPU.Build.0 = Release|Any CPU
	EndGlobalSection
	GlobalSection(SolutionProperties) = preSolution
		HideSolutionNode = FALSE
	EndGlobalSection
EndGlobal
